# THIS IS AN AUTOGENERATED FILE. DO NOT EDIT THIS FILE DIRECTLY.
# yarn lockfile v1


bs-platform@^8.2.0:
  version "8.2.0"
  resolved "https://registry.yarnpkg.com/bs-platform/-/bs-platform-8.2.0.tgz#f3f4c06d5710a4c782f0ed030b1fe11e74a0a6d7"
  integrity sha512-quvmUac/ZxGDsT7L5+6RNXrLPvLHkWFownacaqlwVoyAm770bPyupTRU49ALPGk3HpjfD5eE+lpGdOSPtuwJiA==

bsb-js@^1.1.7:
  version "1.1.7"
  resolved "https://registry.yarnpkg.com/bsb-js/-/bsb-js-1.1.7.tgz#12cc91e974f5896b3a2aa8358419d24e56f552c3"
  integrity sha512-FSR7d5Kb6KfVI5sLz9bEeD9pbA9F4Zbkk1xa6R9CJtyd+dJ7mIkxoXqv7cw7HWcuee+VpIhmjYzrplnFd/5Qgg==

tablecloth-bucklescript@^0.0.7:
  version "0.0.7"
  resolved "https://registry.yarnpkg.com/tablecloth-bucklescript/-/tablecloth-bucklescript-0.0.7.tgz#635f66b773900cac4ee8287a8d2b21a294b7f038"
  integrity sha512-LR509lBXGDZcunx74BxdP5AgmeGpNPe4VKbH7edADjHor7hLa1MNFy5EbuL5HgrI893sGxTpBwlQq7nKJ0O9Fg==
